// !$*UTF8*$!
{
	archiveVersion = 1;
	classes = {
	};
	objectVersion = 77;
	objects = {

/* Begin PBXContainerItemProxy section */
		816836EE2DEDB08C007190C7 /* PBXContainerItemProxy */ = {
			isa = PBXContainerItemProxy;
			containerPortal = 816836D52DEDB08A007190C7 /* Project object */;
			proxyType = 1;
			remoteGlobalIDString = 816836DC2DEDB08A007190C7;
			remoteInfo = "Core Motion Sample";
		};
		816836F82DEDB08C007190C7 /* PBXContainerItemProxy */ = {
			isa = PBXContainerItemProxy;
			containerPortal = 816836D52DEDB08A007190C7 /* Project object */;
			proxyType = 1;
			remoteGlobalIDString = 816836DC2DEDB08A007190C7;
			remoteInfo = "Core Motion Sample";
		};
/* End PBXContainerItemProxy section */

/* Begin PBXFileReference section */
		816836DD2DEDB08A007190C7 /* Core Motion Sample.app */ = {isa = PBXFileReference; explicitFileType = wrapper.application; includeInIndex = 0; path = "Core Motion Sample.app"; sourceTree = BUILT_PRODUCTS_DIR; };
		816836ED2DEDB08C007190C7 /* Core Motion SampleTests.xctest */ = {isa = PBXFileReference; explicitFileType = wrapper.cfbundle; includeInIndex = 0; path = "Core Motion SampleTests.xctest"; sourceTree = BUILT_PRODUCTS_DIR; };
		816836F72DEDB08C007190C7 /* Core Motion SampleUITests.xctest */ = {isa = PBXFileReference; explicitFileType = wrapper.cfbundle; includeInIndex = 0; path = "Core Motion SampleUITests.xctest"; sourceTree = BUILT_PRODUCTS_DIR; };
/* End PBXFileReference section */

/* Begin PBXFileSystemSynchronizedRootGroup section */
		816836DF2DEDB08A007190C7 /* Core Motion Sample */ = {
			isa = PBXFileSystemSynchronizedRootGroup;
			path = "Core Motion Sample";
			sourceTree = "<group>";
		};
		816836F02DEDB08C007190C7 /* Core Motion SampleTests */ = {
			isa = PBXFileSystemSynchronizedRootGroup;
			path = "Core Motion SampleTests";
			sourceTree = "<group>";
		};
		816836FA2DEDB08C007190C7 /* Core Motion SampleUITests */ = {
			isa = PBXFileSystemSynchronizedRootGroup;
			path = "Core Motion SampleUITests";
			sourceTree = "<group>";
		};
/* End PBXFileSystemSynchronizedRootGroup section */

/* Begin PBXFrameworksBuildPhase section */
		816836DA2DEDB08A007190C7 /* Frameworks */ = {
			isa = PBXFrameworksBuildPhase;
			buildActionMask = 2147483647;
			files = (
			);
			runOnlyForDeploymentPostprocessing = 0;
		};
		816836EA2DEDB08C007190C7 /* Frameworks */ = {
			isa = PBXFrameworksBuildPhase;
			buildActionMask = 2147483647;
			files = (
			);
			runOnlyForDeploymentPostprocessing = 0;
		};
		816836F42DEDB08C007190C7 /* Frameworks */ = {
			isa = PBXFrameworksBuildPhase;
			buildActionMask = 2147483647;
			files = (
			);
			runOnlyForDeploymentPostprocessing = 0;
		};
/* End PBXFrameworksBuildPhase section */

/* Begin PBXGroup section */
		816836D42DEDB08A007190C7 = {
			isa = PBXGroup;
			children = (
				816836DF2DEDB08A007190C7 /* Core Motion Sample */,
				816836F02DEDB08C007190C7 /* Core Motion SampleTests */,
				816836FA2DEDB08C007190C7 /* Core Motion SampleUITests */,
				816836DE2DEDB08A007190C7 /* Products */,
			);
			sourceTree = "<group>";
		};
		816836DE2DEDB08A007190C7 /* Products */ = {
			isa = PBXGroup;
			children = (
				816836DD2DEDB08A007190C7 /* Core Motion Sample.app */,
				816836ED2DEDB08C007190C7 /* Core Motion SampleTests.xctest */,
				816836F72DEDB08C007190C7 /* Core Motion SampleUITests.xctest */,
			);
			name = Products;
			sourceTree = "<group>";
		};
/* End PBXGroup section */

/* Begin PBXNativeTarget section */
		816836DC2DEDB08A007190C7 /* Core Motion Sample */ = {
			isa = PBXNativeTarget;
			buildConfigurationList = 816837012DEDB08C007190C7 /* Build configuration list for PBXNativeTarget "Core Motion Sample" */;
			buildPhases = (
				816836D92DEDB08A007190C7 /* Sources */,
				816836DA2DEDB08A007190C7 /* Frameworks */,
				816836DB2DEDB08A007190C7 /* Resources */,
			);
			buildRules = (
			);
			dependencies = (
			);
			fileSystemSynchronizedGroups = (
				816836DF2DEDB08A007190C7 /* Core Motion Sample */,
			);
			name = "Core Motion Sample";
			packageProductDependencies = (
			);
			productName = "Core Motion Sample";
			productReference = 816836DD2DEDB08A007190C7 /* Core Motion Sample.app */;
			productType = "com.apple.product-type.application";
		};
		816836EC2DEDB08C007190C7 /* Core Motion SampleTests */ = {
			isa = PBXNativeTarget;
			buildConfigurationList = 816837042DEDB08C007190C7 /* Build configuration list for PBXNativeTarget "Core Motion SampleTests" */;
			buildPhases = (
				816836E92DEDB08C007190C7 /* Sources */,
				816836EA2DEDB08C007190C7 /* Frameworks */,
				816836EB2DEDB08C007190C7 /* Resources */,
			);
			buildRules = (
			);
			dependencies = (
				816836EF2DEDB08C007190C7 /* PBXTargetDependency */,
			);
			fileSystemSynchronizedGroups = (
				816836F02DEDB08C007190C7 /* Core Motion SampleTests */,
			);
			name = "Core Motion SampleTests";
			packageProductDependencies = (
			);
			productName = "Core Motion SampleTests";
			productReference = 816836ED2DEDB08C007190C7 /* Core Motion SampleTests.xctest */;
			productType = "com.apple.product-type.bundle.unit-test";
		};
		816836F62DEDB08C007190C7 /* Core Motion SampleUITests */ = {
			isa = PBXNativeTarget;
			buildConfigurationList = 816837072DEDB08C007190C7 /* Build configuration list for PBXNativeTarget "Core Motion SampleUITests" */;
			buildPhases = (
				816836F32DEDB08C007190C7 /* Sources */,
				816836F42DEDB08C007190C7 /* Frameworks */,
				816836F52DEDB08C007190C7 /* Resources */,
			);
			buildRules = (
			);
			dependencies = (
				816836F92DEDB08C007190C7 /* PBXTargetDependency */,
			);
			fileSystemSynchronizedGroups = (
				816836FA2DEDB08C007190C7 /* Core Motion SampleUITests */,
			);
			name = "Core Motion SampleUITests";
			packageProductDependencies = (
			);
			productName = "Core Motion SampleUITests";
			productReference = 816836F72DEDB08C007190C7 /* Core Motion SampleUITests.xctest */;
			productType = "com.apple.product-type.bundle.ui-testing";
		};
/* End PBXNativeTarget section */

/* Begin PBXProject section */
		816836D52DEDB08A007190C7 /* Project object */ = {
			isa = PBXProject;
			attributes = {
				BuildIndependentTargetsInParallel = 1;
				LastSwiftUpdateCheck = 1620;
				LastUpgradeCheck = 1620;
				TargetAttributes = {
					816836DC2DEDB08A007190C7 = {
						CreatedOnToolsVersion = 16.2;
					};
					816836EC2DEDB08C007190C7 = {
						CreatedOnToolsVersion = 16.2;
						TestTargetID = 816836DC2DEDB08A007190C7;
					};
					816836F62DEDB08C007190C7 = {
						CreatedOnToolsVersion = 16.2;
						TestTargetID = 816836DC2DEDB08A007190C7;
					};
				};
			};
			buildConfigurationList = 816836D82DEDB08A007190C7 /* Build configuration list for PBXProject "Core Motion Sample" */;
			developmentRegion = en;
			hasScannedForEncodings = 0;
			knownRegions = (
				en,
				Base,
			);
			mainGroup = 816836D42DEDB08A007190C7;
			minimizedProjectReferenceProxies = 1;
			preferredProjectObjectVersion = 77;
			productRefGroup = 816836DE2DEDB08A007190C7 /* Products */;
			projectDirPath = "";
			projectRoot = "";
			targets = (
				816836DC2DEDB08A007190C7 /* Core Motion Sample */,
				816836EC2DEDB08C007190C7 /* Core Motion SampleTests */,
				816836F62DEDB08C007190C7 /* Core Motion SampleUITests */,
			);
		};
/* End PBXProject section */

/* Begin PBXResourcesBuildPhase section */
		816836DB2DEDB08A007190C7 /* Resources */ = {
			isa = PBXResourcesBuildPhase;
			buildActionMask = 2147483647;
			files = (
			);
			runOnlyForDeploymentPostprocessing = 0;
		};
		816836EB2DEDB08C007190C7 /* Resources */ = {
			isa = PBXResourcesBuildPhase;
			buildActionMask = 2147483647;
			files = (
			);
			runOnlyForDeploymentPostprocessing = 0;
		};
		816836F52DEDB08C007190C7 /* Resources */ = {
			isa = PBXResourcesBuildPhase;
			buildActionMask = 2147483647;
			files = (
			);
			runOnlyForDeploymentPostprocessing = 0;
		};
/* End PBXResourcesBuildPhase section */

/* Begin PBXSourcesBuildPhase section */
		816836D92DEDB08A007190C7 /* Sources */ = {
			isa = PBXSourcesBuildPhase;
			buildActionMask = 2147483647;
			files = (
			);
			runOnlyForDeploymentPostprocessing = 0;
		};
		816836E92DEDB08C007190C7 /* Sources */ = {
			isa = PBXSourcesBuildPhase;
			buildActionMask = 2147483647;
			files = (
			);
			runOnlyForDeploymentPostprocessing = 0;
		};
		816836F32DEDB08C007190C7 /* Sources */ = {
			isa = PBXSourcesBuildPhase;
			buildActionMask = 2147483647;
			files = (
			);
			runOnlyForDeploymentPostprocessing = 0;
		};
/* End PBXSourcesBuildPhase section */

/* Begin PBXTargetDependency section */
		816836EF2DEDB08C007190C7 /* PBXTargetDependency */ = {
			isa = PBXTargetDependency;
			target = 816836DC2DEDB08A007190C7 /* Core Motion Sample */;
			targetProxy = 816836EE2DEDB08C007190C7 /* PBXContainerItemProxy */;
		};
		816836F92DEDB08C007190C7 /* PBXTargetDependency */ = {
			isa = PBXTargetDependency;
			target = 816836DC2DEDB08A007190C7 /* Core Motion Sample */;
			targetProxy = 816836F82DEDB08C007190C7 /* PBXContainerItemProxy */;
		};
/* End PBXTargetDependency section */

/* Begin XCBuildConfiguration section */
		816836FF2DEDB08C007190C7 /* Debug */ = {
			isa = XCBuildConfiguration;
			buildSettings = {
				ALWAYS_SEARCH_USER_PATHS = NO;
				ASSETCATALOG_COMPILER_GENERATE_SWIFT_ASSET_SYMBOL_EXTENSIONS = YES;
				CLANG_ANALYZER_NONNULL = YES;
				CLANG_ANALYZER_NUMBER_OBJECT_CONVERSION = YES_AGGRESSIVE;
				CLANG_CXX_LANGUAGE_STANDARD = "gnu++20";
				CLANG_ENABLE_MODULES = YES;
				CLANG_ENABLE_OBJC_ARC = YES;
				CLANG_ENABLE_OBJC_WEAK = YES;
				CLANG_WARN_BLOCK_CAPTURE_AUTORELEASING = YES;
				CLANG_WARN_BOOL_CONVERSION = YES;
				CLANG_WARN_COMMA = YES;
				CLANG_WARN_CONSTANT_CONVERSION = YES;
				CLANG_WARN_DEPRECATED_OBJC_IMPLEMENTATIONS = YES;
				CLANG_WARN_DIRECT_OBJC_ISA_USAGE = YES_ERROR;
				CLANG_WARN_DOCUMENTATION_COMMENTS = YES;
				CLANG_WARN_EMPTY_BODY = YES;
				CLANG_WARN_ENUM_CONVERSION = YES;
				CLANG_WARN_INFINITE_RECURSION = YES;
				CLANG_WARN_INT_CONVERSION = YES;
				CLANG_WARN_NON_LITERAL_NULL_CONVERSION = YES;
				CLANG_WARN_OBJC_IMPLICIT_RETAIN_SELF = YES;
				CLANG_WARN_OBJC_LITERAL_CONVERSION = YES;
				CLANG_WARN_OBJC_ROOT_CLASS = YES_ERROR;
				CLANG_WARN_QUOTED_INCLUDE_IN_FRAMEWORK_HEADER = YES;
				CLANG_WARN_RANGE_LOOP_ANALYSIS = YES;
				CLANG_WARN_STRICT_PROTOTYPES = YES;
				CLANG_WARN_SUSPICIOUS_MOVE = YES;
				CLANG_WARN_UNGUARDED_AVAILABILITY = YES_AGGRESSIVE;
				CLANG_WARN_UNREACHABLE_CODE = YES;
				CLANG_WARN__DUPLICATE_METHOD_MATCH = YES;
				COPY_PHASE_STRIP = NO;
				DEBUG_INFORMATION_FORMAT = dwarf;
				ENABLE_STRICT_OBJC_MSGSEND = YES;
				ENABLE_TESTABILITY = YES;
				ENABLE_USER_SCRIPT_SANDBOXING = YES;
				GCC_C_LANGUAGE_STANDARD = gnu17;
				GCC_DYNAMIC_NO_PIC = NO;
				GCC_NO_COMMON_BLOCKS = YES;
				GCC_OPTIMIZATION_LEVEL = 0;
				GCC_PREPROCESSOR_DEFINITIONS = (
					"DEBUG=1",
					"$(inherited)",
				);
				GCC_WARN_64_TO_32_BIT_CONVERSION = YES;
				GCC_WARN_ABOUT_RETURN_TYPE = YES_ERROR;
				GCC_WARN_UNDECLARED_SELECTOR = YES;
				GCC_WARN_UNINITIALIZED_AUTOS = YES_AGGRESSIVE;
				GCC_WARN_UNUSED_FUNCTION = YES;
				GCC_WARN_UNUSED_VARIABLE = YES;
				IPHONEOS_DEPLOYMENT_TARGET = 18.2;
				LOCALIZATION_PREFERS_STRING_CATALOGS = YES;
				MTL_ENABLE_DEBUG_INFO = INCLUDE_SOURCE;
				MTL_FAST_MATH = YES;
				ONLY_ACTIVE_ARCH = YES;
				SDKROOT = iphoneos;
				SWIFT_ACTIVE_COMPILATION_CONDITIONS = "DEBUG $(inherited)";
				SWIFT_OPTIMIZATION_LEVEL = "-Onone";
			};
			name = Debug;
		};
		816837002DEDB08C007190C7 /* Release */ = {
			isa = XCBuildConfiguration;
			buildSettings = {
				ALWAYS_SEARCH_USER_PATHS = NO;
				ASSETCATALOG_COMPILER_GENERATE_SWIFT_ASSET_SYMBOL_EXTENSIONS = YES;
				CLANG_ANALYZER_NONNULL = YES;
				CLANG_ANALYZER_NUMBER_OBJECT_CONVERSION = YES_AGGRESSIVE;
				CLANG_CXX_LANGUAGE_STANDARD = "gnu++20";
				CLANG_ENABLE_MODULES = YES;
				CLANG_ENABLE_OBJC_ARC = YES;
				CLANG_ENABLE_OBJC_WEAK = YES;
				CLANG_WARN_BLOCK_CAPTURE_AUTORELEASING = YES;
				CLANG_WARN_BOOL_CONVERSION = YES;
				CLANG_WARN_COMMA = YES;
				CLANG_WARN_CONSTANT_CONVERSION = YES;
				CLANG_WARN_DEPRECATED_OBJC_IMPLEMENTATIONS = YES;
				CLANG_WARN_DIRECT_OBJC_ISA_USAGE = YES_ERROR;
				CLANG_WARN_DOCUMENTATION_COMMENTS = YES;
				CLANG_WARN_EMPTY_BODY = YES;
				CLANG_WARN_ENUM_CONVERSION = YES;
				CLANG_WARN_INFINITE_RECURSION = YES;
				CLANG_WARN_INT_CONVERSION = YES;
				CLANG_WARN_NON_LITERAL_NULL_CONVERSION = YES;
				CLANG_WARN_OBJC_IMPLICIT_RETAIN_SELF = YES;
				CLANG_WARN_OBJC_LITERAL_CONVERSION = YES;
				CLANG_WARN_OBJC_ROOT_CLASS = YES_ERROR;
				CLANG_WARN_QUOTED_INCLUDE_IN_FRAMEWORK_HEADER = YES;
				CLANG_WARN_RANGE_LOOP_ANALYSIS = YES;
				CLANG_WARN_STRICT_PROTOTYPES = YES;
				CLANG_WARN_SUSPICIOUS_MOVE = YES;
				CLANG_WARN_UNGUARDED_AVAILABILITY = YES_AGGRESSIVE;
				CLANG_WARN_UNREACHABLE_CODE = YES;
				CLANG_WARN__DUPLICATE_METHOD_MATCH = YES;
				COPY_PHASE_STRIP = NO;
				DEBUG_INFORMATION_FORMAT = "dwarf-with-dsym";
				ENABLE_NS_ASSERTIONS = NO;
				ENABLE_STRICT_OBJC_MSGSEND = YES;
				ENABLE_USER_SCRIPT_SANDBOXING = YES;
				GCC_C_LANGUAGE_STANDARD = gnu17;
				GCC_NO_COMMON_BLOCKS = YES;
				GCC_WARN_64_TO_32_BIT_CONVERSION = YES;
				GCC_WARN_ABOUT_RETURN_TYPE = YES_ERROR;
				GCC_WARN_UNDECLARED_SELECTOR = YES;
				GCC_WARN_UNINITIALIZED_AUTOS = YES_AGGRESSIVE;
				GCC_WARN_UNUSED_FUNCTION = YES;
				GCC_WARN_UNUSED_VARIABLE = YES;
				IPHONEOS_DEPLOYMENT_TARGET = 18.2;
				LOCALIZATION_PREFERS_STRING_CATALOGS = YES;
				MTL_ENABLE_DEBUG_INFO = NO;
				MTL_FAST_MATH = YES;
				SDKROOT = iphoneos;
				SWIFT_COMPILATION_MODE = wholemodule;
				VALIDATE_PRODUCT = YES;
			};
			name = Release;
		};
		816837022DEDB08C007190C7 /* Debug */ = {
			isa = XCBuildConfiguration;
			buildSettings = {
				ASSETCATALOG_COMPILER_APPICON_NAME = AppIcon;
				ASSETCATALOG_COMPILER_GLOBAL_ACCENT_COLOR_NAME = AccentColor;
				CODE_SIGN_STYLE = Automatic;
				CURRENT_PROJECT_VERSION = 1;
				DEVELOPMENT_ASSET_PATHS = "\"Core Motion Sample/Preview Content\"";
				DEVELOPMENT_TEAM = "";
				ENABLE_PREVIEWS = YES;
				GENERATE_INFOPLIST_FILE = YES;
				INFOPLIST_KEY_NSMotionUsageDescription = "We need access to your motion data to track your physical activity, such as walking and running, for fitness purposes.";
				INFOPLIST_KEY_UIApplicationSceneManifest_Generation = YES;
				INFOPLIST_KEY_UIApplicationSupportsIndirectInputEvents = YES;
				INFOPLIST_KEY_UILaunchScreen_Generation = YES;
				INFOPLIST_KEY_UISupportedInterfaceOrientations_iPad = "UIInterfaceOrientationPortrait UIInterfaceOrientationPortraitUpsideDown UIInterfaceOrientationLandscapeLeft UIInterfaceOrientationLandscapeRight";
				INFOPLIST_KEY_UISupportedInterfaceOrientations_iPhone = "UIInterfaceOrientationPortrait UIInterfaceOrientationLandscapeLeft UIInterfaceOrientationLandscapeRight";
				LD_RUNPATH_SEARCH_PATHS = (
					"$(inherited)",
					"@executable_path/Frameworks",
				);
				MARKETING_VERSION = 1.0;
				PRODUCT_BUNDLE_IDENTIFIER = "com.test.Core-Motion-Sample";
				PRODUCT_NAME = "$(TARGET_NAME)";
				SWIFT_EMIT_LOC_STRINGS = YES;
				SWIFT_VERSION = 5.0;
				TARGETED_DEVICE_FAMILY = "1,2";
			};
			name = Debug;
		};
		816837032DEDB08C007190C7 /* Release */ = {
			isa = XCBuildConfiguration;
			buildSettings = {
				ASSETCATALOG_COMPILER_APPICON_NAME = AppIcon;
				ASSETCATALOG_COMPILER_GLOBAL_ACCENT_COLOR_NAME = AccentColor;
				CODE_SIGN_STYLE = Automatic;
				CURRENT_PROJECT_VERSION = 1;
				DEVELOPMENT_ASSET_PATHS = "\"Core Motion Sample/Preview Content\"";
				DEVELOPMENT_TEAM = "";
				ENABLE_PREVIEWS = YES;
				GENERATE_INFOPLIST_FILE = YES;
				INFOPLIST_KEY_NSMotionUsageDescription = "We need access to your motion data to track your physical activity, such as walking and running, for fitness purposes.";
				INFOPLIST_KEY_UIApplicationSceneManifest_Generation = YES;
				INFOPLIST_KEY_UIApplicationSupportsIndirectInputEvents = YES;
				INFOPLIST_KEY_UILaunchScreen_Generation = YES;
				INFOPLIST_KEY_UISupportedInterfaceOrientations_iPad = "UIInterfaceOrientationPortrait UIInterfaceOrientationPortraitUpsideDown UIInterfaceOrientationLandscapeLeft UIInterfaceOrientationLandscapeRight";
				INFOPLIST_KEY_UISupportedInterfaceOrientations_iPhone = "UIInterfaceOrientationPortrait UIInterfaceOrientationLandscapeLeft UIInterfaceOrientationLandscapeRight";
				LD_RUNPATH_SEARCH_PATHS = (
					"$(inherited)",
					"@executable_path/Frameworks",
				);
				MARKETING_VERSION = 1.0;
				PRODUCT_BUNDLE_IDENTIFIER = "com.test.Core-Motion-Sample";
				PRODUCT_NAME = "$(TARGET_NAME)";
				SWIFT_EMIT_LOC_STRINGS = YES;
				SWIFT_VERSION = 5.0;
				TARGETED_DEVICE_FAMILY = "1,2";
			};
			name = Release;
		};
		816837052DEDB08C007190C7 /* Debug */ = {
			isa = XCBuildConfiguration;
			buildSettings = {
				BUNDLE_LOADER = "$(TEST_HOST)";
				CODE_SIGN_STYLE = Automatic;
				CURRENT_PROJECT_VERSION = 1;
				DEVELOPMENT_TEAM = G7DZRWC4D6;
				GENERATE_INFOPLIST_FILE = YES;
				IPHONEOS_DEPLOYMENT_TARGET = 18.2;
				MARKETING_VERSION = 1.0;
				PRODUCT_BUNDLE_IDENTIFIER = "com.test.Core-Motion-SampleTests";
				PRODUCT_NAME = "$(TARGET_NAME)";
				SWIFT_EMIT_LOC_STRINGS = NO;
				SWIFT_VERSION = 5.0;
				TARGETED_DEVICE_FAMILY = "1,2";
				TEST_HOST = "$(BUILT_PRODUCTS_DIR)/Core Motion Sample.app/$(BUNDLE_EXECUTABLE_FOLDER_PATH)/Core Motion Sample";
			};
			name = Debug;
		};
		816837062DEDB08C007190C7 /* Release */ = {
			isa = XCBuildConfiguration;
			buildSettings = {
				BUNDLE_LOADER = "$(TEST_HOST)";
				CODE_SIGN_STYLE = Automatic;
				CURRENT_PROJECT_VERSION = 1;
				DEVELOPMENT_TEAM = G7DZRWC4D6;
				GENERATE_INFOPLIST_FILE = YES;
				IPHONEOS_DEPLOYMENT_TARGET = 18.2;
				MARKETING_VERSION = 1.0;
				PRODUCT_BUNDLE_IDENTIFIER = "com.test.Core-Motion-SampleTests";
				PRODUCT_NAME = "$(TARGET_NAME)";
				SWIFT_EMIT_LOC_STRINGS = NO;
				SWIFT_VERSION = 5.0;
				TARGETED_DEVICE_FAMILY = "1,2";
				TEST_HOST = "$(BUILT_PRODUCTS_DIR)/Core Motion Sample.app/$(BUNDLE_EXECUTABLE_FOLDER_PATH)/Core Motion Sample";
			};
			name = Release;
		};
		816837082DEDB08C007190C7 /* Debug */ = {
			isa = XCBuildConfiguration;
			buildSettings = {
				CODE_SIGN_STYLE = Automatic;
				CURRENT_PROJECT_VERSION = 1;
				DEVELOPMENT_TEAM = G7DZRWC4D6;
				GENERATE_INFOPLIST_FILE = YES;
				MARKETING_VERSION = 1.0;
				PRODUCT_BUNDLE_IDENTIFIER = "com.test.Core-Motion-SampleUITests";
				PRODUCT_NAME = "$(TARGET_NAME)";
				SWIFT_EMIT_LOC_STRINGS = NO;
				SWIFT_VERSION = 5.0;
				TARGETED_DEVICE_FAMILY = "1,2";
				TEST_TARGET_NAME = "Core Motion Sample";
			};
			name = Debug;
		};
		816837092DEDB08C007190C7 /* Release */ = {
			isa = XCBuildConfiguration;
			buildSettings = {
				CODE_SIGN_STYLE = Automatic;
				CURRENT_PROJECT_VERSION = 1;
				DEVELOPMENT_TEAM = G7DZRWC4D6;
				GENERATE_INFOPLIST_FILE = YES;
				MARKETING_VERSION = 1.0;
				PRODUCT_BUNDLE_IDENTIFIER = "com.test.Core-Motion-SampleUITests";
				PRODUCT_NAME = "$(TARGET_NAME)";
				SWIFT_EMIT_LOC_STRINGS = NO;
				SWIFT_VERSION = 5.0;
				TARGETED_DEVICE_FAMILY = "1,2";
				TEST_TARGET_NAME = "Core Motion Sample";
			};
			name = Release;
		};
/* End XCBuildConfiguration section */

/* Begin XCConfigurationList section */
		816836D82DEDB08A007190C7 /* Build configuration list for PBXProject "Core Motion Sample" */ = {
			isa = XCConfigurationList;
			buildConfigurations = (
				816836FF2DEDB08C007190C7 /* Debug */,
				816837002DEDB08C007190C7 /* Release */,
			);
			defaultConfigurationIsVisible = 0;
			defaultConfigurationName = Release;
		};
		816837012DEDB08C007190C7 /* Build configuration list for PBXNativeTarget "Core Motion Sample" */ = {
			isa = XCConfigurationList;
			buildConfigurations = (
				816837022DEDB08C007190C7 /* Debug */,
				816837032DEDB08C007190C7 /* Release */,
			);
			defaultConfigurationIsVisible = 0;
			defaultConfigurationName = Release;
		};
		816837042DEDB08C007190C7 /* Build configuration list for PBXNativeTarget "Core Motion SampleTests" */ = {
			isa = XCConfigurationList;
			buildConfigurations = (
				816837052DEDB08C007190C7 /* Debug */,
				816837062DEDB08C007190C7 /* Release */,
			);
			defaultConfigurationIsVisible = 0;
			defaultConfigurationName = Release;
		};
		816837072DEDB08C007190C7 /* Build configuration list for PBXNativeTarget "Core Motion SampleUITests" */ = {
			isa = XCConfigurationList;
			buildConfigurations = (
				816837082DEDB08C007190C7 /* Debug */,
				816837092DEDB08C007190C7 /* Release */,
			);
			defaultConfigurationIsVisible = 0;
			defaultConfigurationName = Release;
		};
/* End XCConfigurationList section */
	};
	rootObject = 816836D52DEDB08A007190C7 /* Project object */;
}
